// !$*UTF8*$!
{
	archiveVersion = 1;
	classes = {
	};
	objectVersion = 50;
	objects = {

/* Begin PBXBuildFile section */
		D059759C234E6A44001B4003 /* CurrentLocationPresenter.swift in Sources */ = {isa = PBXBuildFile; fileRef = D059759B234E6A44001B4003 /* CurrentLocationPresenter.swift */; };
		D059759F234E6ADC001B4003 /* LocationCoordinat.swift in Sources */ = {isa = PBXBuildFile; fileRef = D059759E234E6ADC001B4003 /* LocationCoordinat.swift */; };
		D05975A5234EAC8A001B4003 /* MenuView.swift in Sources */ = {isa = PBXBuildFile; fileRef = D05975A1234EAC8A001B4003 /* MenuView.swift */; };
		D05975A6234EAC8A001B4003 /* MenuModel.swift in Sources */ = {isa = PBXBuildFile; fileRef = D05975A2234EAC8A001B4003 /* MenuModel.swift */; };
		D05975A7234EAC8A001B4003 /* MenuViewModel.swift in Sources */ = {isa = PBXBuildFile; fileRef = D05975A3234EAC8A001B4003 /* MenuViewModel.swift */; };
		D05975A8234EAC8A001B4003 /* MenuService.swift in Sources */ = {isa = PBXBuildFile; fileRef = D05975A4234EAC8A001B4003 /* MenuService.swift */; };
		D05975AC234EAF80001B4003 /* AsyncOperation.swift in Sources */ = {isa = PBXBuildFile; fileRef = D05975AB234EAF80001B4003 /* AsyncOperation.swift */; };
		D05975AE234EAFC9001B4003 /* NetworkRequest.swift in Sources */ = {isa = PBXBuildFile; fileRef = D05975AD234EAFC9001B4003 /* NetworkRequest.swift */; };
		D05975B0234EAFE5001B4003 /* ImageDowloader.swift in Sources */ = {isa = PBXBuildFile; fileRef = D05975AF234EAFE5001B4003 /* ImageDowloader.swift */; };
		D05975B2234EB097001B4003 /* ImageCache.swift in Sources */ = {isa = PBXBuildFile; fileRef = D05975B1234EB097001B4003 /* ImageCache.swift */; };
		D05975B8234EC0A3001B4003 /* TwtPostsListView.swift in Sources */ = {isa = PBXBuildFile; fileRef = D05975B4234EC0A3001B4003 /* TwtPostsListView.swift */; };
		D05975B9234EC0A3001B4003 /* TwtPostsListModel.swift in Sources */ = {isa = PBXBuildFile; fileRef = D05975B5234EC0A3001B4003 /* TwtPostsListModel.swift */; };
		D05975BA234EC0A3001B4003 /* TwtPostsListViewModel.swift in Sources */ = {isa = PBXBuildFile; fileRef = D05975B6234EC0A3001B4003 /* TwtPostsListViewModel.swift */; };
		D05975BB234EC0A3001B4003 /* TwtPostsListService.swift in Sources */ = {isa = PBXBuildFile; fileRef = D05975B7234EC0A3001B4003 /* TwtPostsListService.swift */; };
		D05975BE234ECD3B001B4003 /* RootViewController.swift in Sources */ = {isa = PBXBuildFile; fileRef = D05975BD234ECD3B001B4003 /* RootViewController.swift */; };
		D05975C1234ECEDE001B4003 /* ViewExtensions.swift in Sources */ = {isa = PBXBuildFile; fileRef = D05975C0234ECEDE001B4003 /* ViewExtensions.swift */; };
		D0E51DE8234E4491005A6486 /* AppDelegate.swift in Sources */ = {isa = PBXBuildFile; fileRef = D0E51DE7234E4491005A6486 /* AppDelegate.swift */; };
		D0E51DEA234E4491005A6486 /* SceneDelegate.swift in Sources */ = {isa = PBXBuildFile; fileRef = D0E51DE9234E4491005A6486 /* SceneDelegate.swift */; };
		D0E51DEC234E4491005A6486 /* ViewController.swift in Sources */ = {isa = PBXBuildFile; fileRef = D0E51DEB234E4491005A6486 /* ViewController.swift */; };
		D0E51DEF234E4491005A6486 /* Main.storyboard in Resources */ = {isa = PBXBuildFile; fileRef = D0E51DED234E4491005A6486 /* Main.storyboard */; };
		D0E51DF1234E4493005A6486 /* Assets.xcassets in Resources */ = {isa = PBXBuildFile; fileRef = D0E51DF0234E4493005A6486 /* Assets.xcassets */; };
		D0E51DF4234E4493005A6486 /* LaunchScreen.storyboard in Resources */ = {isa = PBXBuildFile; fileRef = D0E51DF2234E4493005A6486 /* LaunchScreen.storyboard */; };
		D0E51DFF234E488F005A6486 /* LocationManager.swift in Sources */ = {isa = PBXBuildFile; fileRef = D0E51DFE234E488F005A6486 /* LocationManager.swift */; };
		D0E51E04234E4C13005A6486 /* Localizable.strings in Resources */ = {isa = PBXBuildFile; fileRef = D0E51E06234E4C13005A6486 /* Localizable.strings */; };
		D0E51E0D234E4EDE005A6486 /* InfoPlist.strings in Resources */ = {isa = PBXBuildFile; fileRef = D0E51E0F234E4EDE005A6486 /* InfoPlist.strings */; };
/* End PBXBuildFile section */

/* Begin PBXFileReference section */
		D0597595234E55A1001B4003 /* fr-CA */ = {isa = PBXFileReference; lastKnownFileType = text.plist.strings; name = "fr-CA"; path = "fr-CA.lproj/Main.strings"; sourceTree = "<group>"; };
		D0597596234E55A1001B4003 /* fr-CA */ = {isa = PBXFileReference; lastKnownFileType = text.plist.strings; name = "fr-CA"; path = "fr-CA.lproj/LaunchScreen.strings"; sourceTree = "<group>"; };
		D0597597234E55A1001B4003 /* fr-CA */ = {isa = PBXFileReference; lastKnownFileType = text.plist.strings; name = "fr-CA"; path = "fr-CA.lproj/Localizable.strings"; sourceTree = "<group>"; };
		D0597598234E55A1001B4003 /* fr-CA */ = {isa = PBXFileReference; lastKnownFileType = text.plist.strings; name = "fr-CA"; path = "fr-CA.lproj/InfoPlist.strings"; sourceTree = "<group>"; };
		D059759A234E650E001B4003 /* en */ = {isa = PBXFileReference; lastKnownFileType = text.plist.strings; name = en; path = en.lproj/LaunchScreen.strings; sourceTree = "<group>"; };
		D059759B234E6A44001B4003 /* CurrentLocationPresenter.swift */ = {isa = PBXFileReference; lastKnownFileType = sourcecode.swift; path = CurrentLocationPresenter.swift; sourceTree = "<group>"; };
		D059759E234E6ADC001B4003 /* LocationCoordinat.swift */ = {isa = PBXFileReference; lastKnownFileType = sourcecode.swift; path = LocationCoordinat.swift; sourceTree = "<group>"; };
		D05975A1234EAC8A001B4003 /* MenuView.swift */ = {isa = PBXFileReference; lastKnownFileType = sourcecode.swift; path = MenuView.swift; sourceTree = "<group>"; };
		D05975A2234EAC8A001B4003 /* MenuModel.swift */ = {isa = PBXFileReference; lastKnownFileType = sourcecode.swift; path = MenuModel.swift; sourceTree = "<group>"; };
		D05975A3234EAC8A001B4003 /* MenuViewModel.swift */ = {isa = PBXFileReference; lastKnownFileType = sourcecode.swift; path = MenuViewModel.swift; sourceTree = "<group>"; };
		D05975A4234EAC8A001B4003 /* MenuService.swift */ = {isa = PBXFileReference; lastKnownFileType = sourcecode.swift; path = MenuService.swift; sourceTree = "<group>"; };
		D05975AB234EAF80001B4003 /* AsyncOperation.swift */ = {isa = PBXFileReference; lastKnownFileType = sourcecode.swift; path = AsyncOperation.swift; sourceTree = "<group>"; };
		D05975AD234EAFC9001B4003 /* NetworkRequest.swift */ = {isa = PBXFileReference; lastKnownFileType = sourcecode.swift; path = NetworkRequest.swift; sourceTree = "<group>"; };
		D05975AF234EAFE5001B4003 /* ImageDowloader.swift */ = {isa = PBXFileReference; lastKnownFileType = sourcecode.swift; path = ImageDowloader.swift; sourceTree = "<group>"; };
		D05975B1234EB097001B4003 /* ImageCache.swift */ = {isa = PBXFileReference; lastKnownFileType = sourcecode.swift; path = ImageCache.swift; sourceTree = "<group>"; };
		D05975B4234EC0A3001B4003 /* TwtPostsListView.swift */ = {isa = PBXFileReference; lastKnownFileType = sourcecode.swift; path = TwtPostsListView.swift; sourceTree = "<group>"; };
		D05975B5234EC0A3001B4003 /* TwtPostsListModel.swift */ = {isa = PBXFileReference; lastKnownFileType = sourcecode.swift; path = TwtPostsListModel.swift; sourceTree = "<group>"; };
		D05975B6234EC0A3001B4003 /* TwtPostsListViewModel.swift */ = {isa = PBXFileReference; lastKnownFileType = sourcecode.swift; path = TwtPostsListViewModel.swift; sourceTree = "<group>"; };
		D05975B7234EC0A3001B4003 /* TwtPostsListService.swift */ = {isa = PBXFileReference; lastKnownFileType = sourcecode.swift; path = TwtPostsListService.swift; sourceTree = "<group>"; };
		D05975BD234ECD3B001B4003 /* RootViewController.swift */ = {isa = PBXFileReference; lastKnownFileType = sourcecode.swift; path = RootViewController.swift; sourceTree = "<group>"; };
		D05975C0234ECEDE001B4003 /* ViewExtensions.swift */ = {isa = PBXFileReference; lastKnownFileType = sourcecode.swift; path = ViewExtensions.swift; sourceTree = "<group>"; };
		D0E51DE4234E4491005A6486 /* TwtPostLocation.app */ = {isa = PBXFileReference; explicitFileType = wrapper.application; includeInIndex = 0; path = TwtPostLocation.app; sourceTree = BUILT_PRODUCTS_DIR; };
		D0E51DE7234E4491005A6486 /* AppDelegate.swift */ = {isa = PBXFileReference; lastKnownFileType = sourcecode.swift; path = AppDelegate.swift; sourceTree = "<group>"; };
		D0E51DE9234E4491005A6486 /* SceneDelegate.swift */ = {isa = PBXFileReference; lastKnownFileType = sourcecode.swift; path = SceneDelegate.swift; sourceTree = "<group>"; };
		D0E51DEB234E4491005A6486 /* ViewController.swift */ = {isa = PBXFileReference; lastKnownFileType = sourcecode.swift; path = ViewController.swift; sourceTree = "<group>"; };
		D0E51DEE234E4491005A6486 /* Base */ = {isa = PBXFileReference; lastKnownFileType = file.storyboard; name = Base; path = Base.lproj/Main.storyboard; sourceTree = "<group>"; };
		D0E51DF0234E4493005A6486 /* Assets.xcassets */ = {isa = PBXFileReference; lastKnownFileType = folder.assetcatalog; path = Assets.xcassets; sourceTree = "<group>"; };
		D0E51DF3234E4493005A6486 /* Base */ = {isa = PBXFileReference; lastKnownFileType = file.storyboard; name = Base; path = Base.lproj/LaunchScreen.storyboard; sourceTree = "<group>"; };
		D0E51DF5234E4493005A6486 /* Info.plist */ = {isa = PBXFileReference; lastKnownFileType = text.plist.xml; path = Info.plist; sourceTree = "<group>"; };
		D0E51DFE234E488F005A6486 /* LocationManager.swift */ = {isa = PBXFileReference; lastKnownFileType = sourcecode.swift; path = LocationManager.swift; sourceTree = "<group>"; };
		D0E51E05234E4C13005A6486 /* en */ = {isa = PBXFileReference; lastKnownFileType = text.plist.strings; name = en; path = en.lproj/Localizable.strings; sourceTree = "<group>"; };
		D0E51E0E234E4EDE005A6486 /* en */ = {isa = PBXFileReference; lastKnownFileType = text.plist.strings; name = en; path = en.lproj/InfoPlist.strings; sourceTree = "<group>"; };
/* End PBXFileReference section */

/* Begin PBXFrameworksBuildPhase section */
		D0E51DE1234E4491005A6486 /* Frameworks */ = {
			isa = PBXFrameworksBuildPhase;
			buildActionMask = 2147483647;
			files = (
			);
			runOnlyForDeploymentPostprocessing = 0;
		};
/* End PBXFrameworksBuildPhase section */

/* Begin PBXGroup section */
		D059759D234E6AB6001B4003 /* DataModel */ = {
			isa = PBXGroup;
			children = (
				D059759E234E6ADC001B4003 /* LocationCoordinat.swift */,
			);
			path = DataModel;
			sourceTree = "<group>";
		};
		D05975A0234EAC5A001B4003 /* Menu */ = {
			isa = PBXGroup;
			children = (
				D05975A1234EAC8A001B4003 /* MenuView.swift */,
				D05975A2234EAC8A001B4003 /* MenuModel.swift */,
				D05975A3234EAC8A001B4003 /* MenuViewModel.swift */,
				D05975A4234EAC8A001B4003 /* MenuService.swift */,
			);
			path = Menu;
			sourceTree = "<group>";
		};
		D05975A9234EAEFC001B4003 /* NetworkInteraction */ = {
			isa = PBXGroup;
			children = (
				D05975AA234EAF0A001B4003 /* Operation */,
				D05975AD234EAFC9001B4003 /* NetworkRequest.swift */,
				D05975AF234EAFE5001B4003 /* ImageDowloader.swift */,
				D05975B1234EB097001B4003 /* ImageCache.swift */,
			);
			path = NetworkInteraction;
			sourceTree = "<group>";
		};
		D05975AA234EAF0A001B4003 /* Operation */ = {
			isa = PBXGroup;
			children = (
				D05975AB234EAF80001B4003 /* AsyncOperation.swift */,
			);
			path = Operation;
			sourceTree = "<group>";
		};
		D05975B3234EC06E001B4003 /* PostList */ = {
			isa = PBXGroup;
			children = (
				D05975B4234EC0A3001B4003 /* TwtPostsListView.swift */,
				D05975B5234EC0A3001B4003 /* TwtPostsListModel.swift */,
				D05975B6234EC0A3001B4003 /* TwtPostsListViewModel.swift */,
				D05975B7234EC0A3001B4003 /* TwtPostsListService.swift */,
			);
			path = PostList;
			sourceTree = "<group>";
		};
		D05975BC234ECCEB001B4003 /* Root */ = {
			isa = PBXGroup;
			children = (
				D05975BD234ECD3B001B4003 /* RootViewController.swift */,
			);
			path = Root;
			sourceTree = "<group>";
		};
		D05975BF234ECEB8001B4003 /* Extensions */ = {
			isa = PBXGroup;
			children = (
				D05975C0234ECEDE001B4003 /* ViewExtensions.swift */,
			);
			path = Extensions;
			sourceTree = "<group>";
		};
		D0E51DDB234E4491005A6486 = {
			isa = PBXGroup;
			children = (
				D0E51DE6234E4491005A6486 /* TwtPostLocation */,
				D0E51DE5234E4491005A6486 /* Products */,
			);
			sourceTree = "<group>";
		};
		D0E51DE5234E4491005A6486 /* Products */ = {
			isa = PBXGroup;
			children = (
				D0E51DE4234E4491005A6486 /* TwtPostLocation.app */,
			);
			name = Products;
			sourceTree = "<group>";
		};
		D0E51DE6234E4491005A6486 /* TwtPostLocation */ = {
			isa = PBXGroup;
			children = (
				D05975BF234ECEB8001B4003 /* Extensions */,
				D059759D234E6AB6001B4003 /* DataModel */,
				D0E51E0A234E4EB7005A6486 /* Localization */,
				D0E51DFC234E485C005A6486 /* Services */,
				D0E51DFB234E4849005A6486 /* Scenes */,
				D0E51DE7234E4491005A6486 /* AppDelegate.swift */,
				D0E51DE9234E4491005A6486 /* SceneDelegate.swift */,
				D0E51DEB234E4491005A6486 /* ViewController.swift */,
				D0E51DED234E4491005A6486 /* Main.storyboard */,
				D0E51DF0234E4493005A6486 /* Assets.xcassets */,
				D0E51DF2234E4493005A6486 /* LaunchScreen.storyboard */,
				D0E51DF5234E4493005A6486 /* Info.plist */,
			);
			path = TwtPostLocation;
			sourceTree = "<group>";
		};
		D0E51DFB234E4849005A6486 /* Scenes */ = {
			isa = PBXGroup;
			children = (
				D05975BC234ECCEB001B4003 /* Root */,
				D05975B3234EC06E001B4003 /* PostList */,
				D05975A0234EAC5A001B4003 /* Menu */,
			);
			path = Scenes;
			sourceTree = "<group>";
		};
		D0E51DFC234E485C005A6486 /* Services */ = {
			isa = PBXGroup;
			children = (
				D05975A9234EAEFC001B4003 /* NetworkInteraction */,
				D0E51DFD234E4865005A6486 /* Location */,
			);
			path = Services;
			sourceTree = "<group>";
		};
		D0E51DFD234E4865005A6486 /* Location */ = {
			isa = PBXGroup;
			children = (
				D0E51DFE234E488F005A6486 /* LocationManager.swift */,
				D059759B234E6A44001B4003 /* CurrentLocationPresenter.swift */,
			);
			path = Location;
			sourceTree = "<group>";
		};
		D0E51E0A234E4EB7005A6486 /* Localization */ = {
			isa = PBXGroup;
			children = (
				D0E51E06234E4C13005A6486 /* Localizable.strings */,
				D0E51E0F234E4EDE005A6486 /* InfoPlist.strings */,
			);
			path = Localization;
			sourceTree = "<group>";
		};
/* End PBXGroup section */

/* Begin PBXNativeTarget section */
		D0E51DE3234E4491005A6486 /* TwtPostLocation */ = {
			isa = PBXNativeTarget;
			buildConfigurationList = D0E51DF8234E4493005A6486 /* Build configuration list for PBXNativeTarget "TwtPostLocation" */;
			buildPhases = (
				D0E51DE0234E4491005A6486 /* Sources */,
				D0E51DE1234E4491005A6486 /* Frameworks */,
				D0E51DE2234E4491005A6486 /* Resources */,
			);
			buildRules = (
			);
			dependencies = (
			);
			name = TwtPostLocation;
			productName = TwtPostLocation;
			productReference = D0E51DE4234E4491005A6486 /* TwtPostLocation.app */;
			productType = "com.apple.product-type.application";
		};
/* End PBXNativeTarget section */

/* Begin PBXProject section */
		D0E51DDC234E4491005A6486 /* Project object */ = {
			isa = PBXProject;
			attributes = {
				LastSwiftUpdateCheck = 1110;
				LastUpgradeCheck = 1110;
				ORGANIZATIONNAME = com.kkolontay;
				TargetAttributes = {
					D0E51DE3234E4491005A6486 = {
						CreatedOnToolsVersion = 11.1;
					};
				};
			};
			buildConfigurationList = D0E51DDF234E4491005A6486 /* Build configuration list for PBXProject "TwtPostLocation" */;
			compatibilityVersion = "Xcode 9.3";
			developmentRegion = en;
			hasScannedForEncodings = 0;
			knownRegions = (
				en,
				Base,
				"fr-CA",
			);
			mainGroup = D0E51DDB234E4491005A6486;
			productRefGroup = D0E51DE5234E4491005A6486 /* Products */;
			projectDirPath = "";
			projectRoot = "";
			targets = (
				D0E51DE3234E4491005A6486 /* TwtPostLocation */,
			);
		};
/* End PBXProject section */

/* Begin PBXResourcesBuildPhase section */
		D0E51DE2234E4491005A6486 /* Resources */ = {
			isa = PBXResourcesBuildPhase;
			buildActionMask = 2147483647;
			files = (
				D0E51DF4234E4493005A6486 /* LaunchScreen.storyboard in Resources */,
				D0E51E04234E4C13005A6486 /* Localizable.strings in Resources */,
				D0E51DF1234E4493005A6486 /* Assets.xcassets in Resources */,
				D0E51DEF234E4491005A6486 /* Main.storyboard in Resources */,
				D0E51E0D234E4EDE005A6486 /* InfoPlist.strings in Resources */,
			);
			runOnlyForDeploymentPostprocessing = 0;
		};
/* End PBXResourcesBuildPhase section */

/* Begin PBXSourcesBuildPhase section */
		D0E51DE0234E4491005A6486 /* Sources */ = {
			isa = PBXSourcesBuildPhase;
			buildActionMask = 2147483647;
			files = (
				D05975A6234EAC8A001B4003 /* MenuModel.swift in Sources */,
				D05975A5234EAC8A001B4003 /* MenuView.swift in Sources */,
				D05975BE234ECD3B001B4003 /* RootViewController.swift in Sources */,
				D0E51DFF234E488F005A6486 /* LocationManager.swift in Sources */,
				D05975BB234EC0A3001B4003 /* TwtPostsListService.swift in Sources */,
				D05975A7234EAC8A001B4003 /* MenuViewModel.swift in Sources */,
				D059759C234E6A44001B4003 /* CurrentLocationPresenter.swift in Sources */,
				D059759F234E6ADC001B4003 /* LocationCoordinat.swift in Sources */,
				D0E51DEC234E4491005A6486 /* ViewController.swift in Sources */,
				D05975B9234EC0A3001B4003 /* TwtPostsListModel.swift in Sources */,
				D0E51DE8234E4491005A6486 /* AppDelegate.swift in Sources */,
				D05975A8234EAC8A001B4003 /* MenuService.swift in Sources */,
				D05975AC234EAF80001B4003 /* AsyncOperation.swift in Sources */,
				D05975B8234EC0A3001B4003 /* TwtPostsListView.swift in Sources */,
				D05975B0234EAFE5001B4003 /* ImageDowloader.swift in Sources */,
				D05975AE234EAFC9001B4003 /* NetworkRequest.swift in Sources */,
				D05975BA234EC0A3001B4003 /* TwtPostsListViewModel.swift in Sources */,
				D05975B2234EB097001B4003 /* ImageCache.swift in Sources */,
				D05975C1234ECEDE001B4003 /* ViewExtensions.swift in Sources */,
				D0E51DEA234E4491005A6486 /* SceneDelegate.swift in Sources */,
			);
			runOnlyForDeploymentPostprocessing = 0;
		};
/* End PBXSourcesBuildPhase section */

/* Begin PBXVariantGroup section */
		D0E51DED234E4491005A6486 /* Main.storyboard */ = {
			isa = PBXVariantGroup;
			children = (
				D0E51DEE234E4491005A6486 /* Base */,
				D0597595234E55A1001B4003 /* fr-CA */,
			);
			name = Main.storyboard;
			sourceTree = "<group>";
		};
		D0E51DF2234E4493005A6486 /* LaunchScreen.storyboard */ = {
			isa = PBXVariantGroup;
			children = (
				D0E51DF3234E4493005A6486 /* Base */,
				D0597596234E55A1001B4003 /* fr-CA */,
				D059759A234E650E001B4003 /* en */,
			);
			name = LaunchScreen.storyboard;
			sourceTree = "<group>";
		};
		D0E51E06234E4C13005A6486 /* Localizable.strings */ = {
			isa = PBXVariantGroup;
			children = (
				D0E51E05234E4C13005A6486 /* en */,
				D0597597234E55A1001B4003 /* fr-CA */,
			);
			name = Localizable.strings;
			sourceTree = "<group>";
		};
		D0E51E0F234E4EDE005A6486 /* InfoPlist.strings */ = {
			isa = PBXVariantGroup;
			children = (
				D0E51E0E234E4EDE005A6486 /* en */,
				D0597598234E55A1001B4003 /* fr-CA */,
			);
			name = InfoPlist.strings;
			sourceTree = "<group>";
		};
/* End PBXVariantGroup section */

/* Begin XCBuildConfiguration section */
		D0E51DF6234E4493005A6486 /* Debug */ = {
			isa = XCBuildConfiguration;
			buildSettings = {
				ALWAYS_SEARCH_USER_PATHS = NO;
				CLANG_ANALYZER_LOCALIZABILITY_NONLOCALIZED = YES;
				CLANG_ANALYZER_NONNULL = YES;
				CLANG_ANALYZER_NUMBER_OBJECT_CONVERSION = YES_AGGRESSIVE;
				CLANG_CXX_LANGUAGE_STANDARD = "gnu++14";
				CLANG_CXX_LIBRARY = "libc++";
				CLANG_ENABLE_MODULES = YES;
				CLANG_ENABLE_OBJC_ARC = YES;
				CLANG_ENABLE_OBJC_WEAK = YES;
				CLANG_WARN_BLOCK_CAPTURE_AUTORELEASING = YES;
				CLANG_WARN_BOOL_CONVERSION = YES;
				CLANG_WARN_COMMA = YES;
				CLANG_WARN_CONSTANT_CONVERSION = YES;
				CLANG_WARN_DEPRECATED_OBJC_IMPLEMENTATIONS = YES;
				CLANG_WARN_DIRECT_OBJC_ISA_USAGE = YES_ERROR;
				CLANG_WARN_DOCUMENTATION_COMMENTS = YES;
				CLANG_WARN_EMPTY_BODY = YES;
				CLANG_WARN_ENUM_CONVERSION = YES;
				CLANG_WARN_INFINITE_RECURSION = YES;
				CLANG_WARN_INT_CONVERSION = YES;
				CLANG_WARN_NON_LITERAL_NULL_CONVERSION = YES;
				CLANG_WARN_OBJC_IMPLICIT_RETAIN_SELF = YES;
				CLANG_WARN_OBJC_LITERAL_CONVERSION = YES;
				CLANG_WARN_OBJC_ROOT_CLASS = YES_ERROR;
				CLANG_WARN_RANGE_LOOP_ANALYSIS = YES;
				CLANG_WARN_STRICT_PROTOTYPES = YES;
				CLANG_WARN_SUSPICIOUS_MOVE = YES;
				CLANG_WARN_UNGUARDED_AVAILABILITY = YES_AGGRESSIVE;
				CLANG_WARN_UNREACHABLE_CODE = YES;
				CLANG_WARN__DUPLICATE_METHOD_MATCH = YES;
				COPY_PHASE_STRIP = NO;
				DEBUG_INFORMATION_FORMAT = dwarf;
				ENABLE_STRICT_OBJC_MSGSEND = YES;
				ENABLE_TESTABILITY = YES;
				GCC_C_LANGUAGE_STANDARD = gnu11;
				GCC_DYNAMIC_NO_PIC = NO;
				GCC_NO_COMMON_BLOCKS = YES;
				GCC_OPTIMIZATION_LEVEL = 0;
				GCC_PREPROCESSOR_DEFINITIONS = (
					"DEBUG=1",
					"$(inherited)",
				);
				GCC_WARN_64_TO_32_BIT_CONVERSION = YES;
				GCC_WARN_ABOUT_RETURN_TYPE = YES_ERROR;
				GCC_WARN_UNDECLARED_SELECTOR = YES;
				GCC_WARN_UNINITIALIZED_AUTOS = YES_AGGRESSIVE;
				GCC_WARN_UNUSED_FUNCTION = YES;
				GCC_WARN_UNUSED_VARIABLE = YES;
				IPHONEOS_DEPLOYMENT_TARGET = 13.1;
				MTL_ENABLE_DEBUG_INFO = INCLUDE_SOURCE;
				MTL_FAST_MATH = YES;
				ONLY_ACTIVE_ARCH = YES;
				SDKROOT = iphoneos;
				SWIFT_ACTIVE_COMPILATION_CONDITIONS = DEBUG;
				SWIFT_OPTIMIZATION_LEVEL = "-Onone";
			};
			name = Debug;
		};
		D0E51DF7234E4493005A6486 /* Release */ = {
			isa = XCBuildConfiguration;
			buildSettings = {
				ALWAYS_SEARCH_USER_PATHS = NO;
				CLANG_ANALYZER_LOCALIZABILITY_NONLOCALIZED = YES;
				CLANG_ANALYZER_NONNULL = YES;
				CLANG_ANALYZER_NUMBER_OBJECT_CONVERSION = YES_AGGRESSIVE;
				CLANG_CXX_LANGUAGE_STANDARD = "gnu++14";
				CLANG_CXX_LIBRARY = "libc++";
				CLANG_ENABLE_MODULES = YES;
				CLANG_ENABLE_OBJC_ARC = YES;
				CLANG_ENABLE_OBJC_WEAK = YES;
				CLANG_WARN_BLOCK_CAPTURE_AUTORELEASING = YES;
				CLANG_WARN_BOOL_CONVERSION = YES;
				CLANG_WARN_COMMA = YES;
				CLANG_WARN_CONSTANT_CONVERSION = YES;
				CLANG_WARN_DEPRECATED_OBJC_IMPLEMENTATIONS = YES;
				CLANG_WARN_DIRECT_OBJC_ISA_USAGE = YES_ERROR;
				CLANG_WARN_DOCUMENTATION_COMMENTS = YES;
				CLANG_WARN_EMPTY_BODY = YES;
				CLANG_WARN_ENUM_CONVERSION = YES;
				CLANG_WARN_INFINITE_RECURSION = YES;
				CLANG_WARN_INT_CONVERSION = YES;
				CLANG_WARN_NON_LITERAL_NULL_CONVERSION = YES;
				CLANG_WARN_OBJC_IMPLICIT_RETAIN_SELF = YES;
				CLANG_WARN_OBJC_LITERAL_CONVERSION = YES;
				CLANG_WARN_OBJC_ROOT_CLASS = YES_ERROR;
				CLANG_WARN_RANGE_LOOP_ANALYSIS = YES;
				CLANG_WARN_STRICT_PROTOTYPES = YES;
				CLANG_WARN_SUSPICIOUS_MOVE = YES;
				CLANG_WARN_UNGUARDED_AVAILABILITY = YES_AGGRESSIVE;
				CLANG_WARN_UNREACHABLE_CODE = YES;
				CLANG_WARN__DUPLICATE_METHOD_MATCH = YES;
				COPY_PHASE_STRIP = NO;
				DEBUG_INFORMATION_FORMAT = "dwarf-with-dsym";
				ENABLE_NS_ASSERTIONS = NO;
				ENABLE_STRICT_OBJC_MSGSEND = YES;
				GCC_C_LANGUAGE_STANDARD = gnu11;
				GCC_NO_COMMON_BLOCKS = YES;
				GCC_WARN_64_TO_32_BIT_CONVERSION = YES;
				GCC_WARN_ABOUT_RETURN_TYPE = YES_ERROR;
				GCC_WARN_UNDECLARED_SELECTOR = YES;
				GCC_WARN_UNINITIALIZED_AUTOS = YES_AGGRESSIVE;
				GCC_WARN_UNUSED_FUNCTION = YES;
				GCC_WARN_UNUSED_VARIABLE = YES;
				IPHONEOS_DEPLOYMENT_TARGET = 13.1;
				MTL_ENABLE_DEBUG_INFO = NO;
				MTL_FAST_MATH = YES;
				SDKROOT = iphoneos;
				SWIFT_COMPILATION_MODE = wholemodule;
				SWIFT_OPTIMIZATION_LEVEL = "-O";
				VALIDATE_PRODUCT = YES;
			};
			name = Release;
		};
		D0E51DF9234E4493005A6486 /* Debug */ = {
			isa = XCBuildConfiguration;
			buildSettings = {
				ASSETCATALOG_COMPILER_APPICON_NAME = AppIcon;
				CODE_SIGN_STYLE = Automatic;
				DEVELOPMENT_TEAM = 6T645D53J9;
				INFOPLIST_FILE = TwtPostLocation/Info.plist;
				LD_RUNPATH_SEARCH_PATHS = (
					"$(inherited)",
					"@executable_path/Frameworks",
				);
				PRODUCT_BUNDLE_IDENTIFIER = com.kkolontay.TwtPostLocation;
				PRODUCT_NAME = "$(TARGET_NAME)";
				SWIFT_VERSION = 5.0;
				TARGETED_DEVICE_FAMILY = "1,2";
			};
			name = Debug;
		};
		D0E51DFA234E4493005A6486 /* Release */ = {
			isa = XCBuildConfiguration;
			buildSettings = {
				ASSETCATALOG_COMPILER_APPICON_NAME = AppIcon;
				CODE_SIGN_STYLE = Automatic;
				DEVELOPMENT_TEAM = 6T645D53J9;
				INFOPLIST_FILE = TwtPostLocation/Info.plist;
				LD_RUNPATH_SEARCH_PATHS = (
					"$(inherited)",
					"@executable_path/Frameworks",
				);
				PRODUCT_BUNDLE_IDENTIFIER = com.kkolontay.TwtPostLocation;
				PRODUCT_NAME = "$(TARGET_NAME)";
				SWIFT_VERSION = 5.0;
				TARGETED_DEVICE_FAMILY = "1,2";
			};
			name = Release;
		};
/* End XCBuildConfiguration section */

/* Begin XCConfigurationList section */
		D0E51DDF234E4491005A6486 /* Build configuration list for PBXProject "TwtPostLocation" */ = {
			isa = XCConfigurationList;
			buildConfigurations = (
				D0E51DF6234E4493005A6486 /* Debug */,
				D0E51DF7234E4493005A6486 /* Release */,
			);
			defaultConfigurationIsVisible = 0;
			defaultConfigurationName = Release;
		};
		D0E51DF8234E4493005A6486 /* Build configuration list for PBXNativeTarget "TwtPostLocation" */ = {
			isa = XCConfigurationList;
			buildConfigurations = (
				D0E51DF9234E4493005A6486 /* Debug */,
				D0E51DFA234E4493005A6486 /* Release */,
			);
			defaultConfigurationIsVisible = 0;
			defaultConfigurationName = Release;
		};
/* End XCConfigurationList section */
	};
	rootObject = D0E51DDC234E4491005A6486 /* Project object */;
}
